
Microsoft Visual Studio Solution File, Format Version 12.00
# Visual Studio Version 17
VisualStudioVersion = 17.10.35013.160
MinimumVisualStudioVersion = 10.0.40219.1
Project("{9A19103F-16F7-4668-BE54-9A1E7A4F7556}") = "HMI", "HMI\HMI.csproj", "{A3244FF5-84A1-4614-BB91-5A813C86936A}"
EndProject
Project("{9A19103F-16F7-4668-BE54-9A1E7A4F7556}") = "CustomControls", "CustomControls\CustomControls.csproj", "{1AEAFEDC-E5A2-4EB8-B45B-E36360731899}"
EndProject
Global
	GlobalSection(SolutionConfigurationPlatforms) = preSolution
		Debug|Any CPU = Debug|Any CPU
		Release|Any CPU = Release|Any CPU
	EndGlobalSection
	GlobalSection(ProjectConfigurationPlatforms) = postSolution
		{A3244FF5-84A1-4614-BB91-5A813C86936A}.Debug|Any CPU.ActiveCfg = Debug|Any CPU
		{A3244FF5-84A1-4614-BB91-5A813C86936A}.Debug|Any CPU.Build.0 = Debug|Any CPU
		{A3244FF5-84A1-4614-BB91-5A813C86936A}.Release|Any CPU.ActiveCfg = Release|Any CPU
		{A3244FF5-84A1-4614-BB91-5A813C86936A}.Release|Any CPU.Build.0 = Release|Any CPU
		{1AEAFEDC-E5A2-4EB8-B45B-E36360731899}.Debug|Any CPU.ActiveCfg = Debug|Any CPU
		{1AEAFEDC-E5A2-4EB8-B45B-E36360731899}.Debug|Any CPU.Build.0 = Debug|Any CPU
		{1AEAFEDC-E5A2-4EB8-B45B-E36360731899}.Release|Any CPU.ActiveCfg = Release|Any CPU
		{1AEAFEDC-E5A2-4EB8-B45B-E36360731899}.Release|Any CPU.Build.0 = Release|Any CPU
	EndGlobalSection
	GlobalSection(SolutionProperties) = preSolution
		HideSolutionNode = FALSE
	EndGlobalSection
	GlobalSection(ExtensibilityGlobals) = postSolution
		SolutionGuid = {BD6E2CAF-9C89-44AC-A010-D3393562707D}
	EndGlobalSection
EndGlobal
